// !$*UTF8*$!
{
	archiveVersion = 1;
	classes = {
	};
	objectVersion = 77;
	objects = {

/* Begin PBXBuildFile section */
		58A7BA9440C7D5725846CA28 /* ContentView.swift in Sources */ = {isa = PBXBuildFile; fileRef = AAD8D4E9BFB550883881EC76 /* ContentView.swift */; };
		68D72E745E9C31F533414C64 /* NudgeOnSDK in Frameworks */ = {isa = PBXBuildFile; productRef = DE7CE12693ABE1BE001A413D /* NudgeOnSDK */; };
		BA5A11B8C58DC8608EF3E4E9 /* QuickstartApp.swift in Sources */ = {isa = PBXBuildFile; fileRef = D3EEE8C787918FB43A919D4D /* QuickstartApp.swift */; };
/* End PBXBuildFile section */

/* Begin PBXFileReference section */
		69212043A86E0D34F5E074C2 /* Info.plist */ = {isa = PBXFileReference; lastKnownFileType = text.plist; path = Info.plist; sourceTree = "<group>"; };
		8FB365B82460A10C1F31FCD3 /* NudgeOnQuickstart.app */ = {isa = PBXFileReference; includeInIndex = 0; lastKnownFileType = wrapper.application; path = NudgeOnQuickstart.app; sourceTree = BUILT_PRODUCTS_DIR; };
		AAD8D4E9BFB550883881EC76 /* ContentView.swift */ = {isa = PBXFileReference; lastKnownFileType = sourcecode.swift; path = ContentView.swift; sourceTree = "<group>"; };
		D3EEE8C787918FB43A919D4D /* QuickstartApp.swift */ = {isa = PBXFileReference; lastKnownFileType = sourcecode.swift; path = QuickstartApp.swift; sourceTree = "<group>"; };
/* End PBXFileReference section */

/* Begin PBXFrameworksBuildPhase section */
		1982BDF47B7E887070215FB5 /* Frameworks */ = {
			isa = PBXFrameworksBuildPhase;
			buildActionMask = 2147483647;
			files = (
				68D72E745E9C31F533414C64 /* NudgeOnSDK in Frameworks */,
			);
			runOnlyForDeploymentPostprocessing = 0;
		};
/* End PBXFrameworksBuildPhase section */

/* Begin PBXGroup section */
		2317EAAD69004F32C8C56AF5 /* App */ = {
			isa = PBXGroup;
			children = (
				AAD8D4E9BFB550883881EC76 /* ContentView.swift */,
				69212043A86E0D34F5E074C2 /* Info.plist */,
				D3EEE8C787918FB43A919D4D /* QuickstartApp.swift */,
			);
			path = App;
			sourceTree = "<group>";
		};
		5718F65D863CC30DED72BAAE /* Products */ = {
			isa = PBXGroup;
			children = (
				8FB365B82460A10C1F31FCD3 /* NudgeOnQuickstart.app */,
			);
			name = Products;
			sourceTree = "<group>";
		};
		79ED7E11B9E86E134C7B7895 = {
			isa = PBXGroup;
			children = (
				2317EAAD69004F32C8C56AF5 /* App */,
				5718F65D863CC30DED72BAAE /* Products */,
			);
			sourceTree = "<group>";
		};
/* End PBXGroup section */

/* Begin PBXNativeTarget section */
		EB102183BBFA85DB1656E4D1 /* NudgeOnQuickstart */ = {
			isa = PBXNativeTarget;
			buildConfigurationList = CA1D3204524F49F01C86AF77 /* Build configuration list for PBXNativeTarget "NudgeOnQuickstart" */;
			buildPhases = (
				FA955F81A403218D2E493054 /* Sources */,
				1982BDF47B7E887070215FB5 /* Frameworks */,
			);
			buildRules = (
			);
			dependencies = (
			);
			name = NudgeOnQuickstart;
			packageProductDependencies = (
				DE7CE12693ABE1BE001A413D /* NudgeOnSDK */,
			);
			productName = NudgeOnQuickstart;
			productReference = 8FB365B82460A10C1F31FCD3 /* NudgeOnQuickstart.app */;
			productType = "com.apple.product-type.application";
		};
/* End PBXNativeTarget section */

/* Begin PBXProject section */
		7D725CA1103AC7F4D7164461 /* Project object */ = {
			isa = PBXProject;
			attributes = {
				BuildIndependentTargetsInParallel = YES;
				LastUpgradeCheck = 1600;
				TargetAttributes = {
					EB102183BBFA85DB1656E4D1 = {
						ProvisioningStyle = Automatic;
					};
				};
			};
			buildConfigurationList = 992C0180997FB16F798D1CE3 /* Build configuration list for PBXProject "NudgeOnQuickstart" */;
			developmentRegion = en;
			hasScannedForEncodings = 0;
			knownRegions = (
				Base,
				en,
			);
			mainGroup = 79ED7E11B9E86E134C7B7895;
			minimizedProjectReferenceProxies = 1;
			packageReferences = (
				2D2539F20337A9EAADC11D4D /* XCRemoteSwiftPackageReference "nudgeon-ios-sdk" */,
			);
			preferredProjectObjectVersion = 77;
			productRefGroup = 5718F65D863CC30DED72BAAE /* Products */;
			projectDirPath = "";
			projectRoot = "";
			targets = (
				EB102183BBFA85DB1656E4D1 /* NudgeOnQuickstart */,
			);
		};
/* End PBXProject section */

/* Begin PBXSourcesBuildPhase section */
		FA955F81A403218D2E493054 /* Sources */ = {
			isa = PBXSourcesBuildPhase;
			buildActionMask = 2147483647;
			files = (
				58A7BA9440C7D5725846CA28 /* ContentView.swift in Sources */,
				BA5A11B8C58DC8608EF3E4E9 /* QuickstartApp.swift in Sources */,
			);
			runOnlyForDeploymentPostprocessing = 0;
		};
/* End PBXSourcesBuildPhase section */

/* Begin XCBuildConfiguration section */
		08152EC7D20AD4F614B1261E /* Debug */ = {
			isa = XCBuildConfiguration;
			buildSettings = {
				ASSETCATALOG_COMPILER_APPICON_NAME = "";
				CODE_SIGN_IDENTITY = "iPhone Developer";
				CODE_SIGN_STYLE = Automatic;
				INFOPLIST_FILE = App/Info.plist;
				LD_RUNPATH_SEARCH_PATHS = (
					"$(inherited)",
					"@executable_path/Frameworks",
				);
				PRODUCT_BUNDLE_IDENTIFIER = io.nudgeon.quickstart;
				PRODUCT_NAME = NudgeOnQuickstart;
				SDKROOT = iphoneos;
				TARGETED_DEVICE_FAMILY = "1,2";
			};
			name = Debug;
		};
		20EC6918B035B44077015E37 /* Release */ = {
			isa = XCBuildConfiguration;
			buildSettings = {
				ASSETCATALOG_COMPILER_APPICON_NAME = "";
				CODE_SIGN_IDENTITY = "iPhone Developer";
				CODE_SIGN_STYLE = Automatic;
				INFOPLIST_FILE = App/Info.plist;
				LD_RUNPATH_SEARCH_PATHS = (
					"$(inherited)",
					"@executable_path/Frameworks",
				);
				PRODUCT_BUNDLE_IDENTIFIER = io.nudgeon.quickstart;
				PRODUCT_NAME = NudgeOnQuickstart;
				SDKROOT = iphoneos;
				TARGETED_DEVICE_FAMILY = "1,2";
			};
			name = Release;
		};
		5708A529A1C988EE7807E783 /* Debug */ = {
			isa = XCBuildConfiguration;
			buildSettings = {
				ALWAYS_SEARCH_USER_PATHS = NO;
				CLANG_ANALYZER_NONNULL = YES;
				CLANG_ANALYZER_NUMBER_OBJECT_CONVERSION = YES_AGGRESSIVE;
				CLANG_CXX_LANGUAGE_STANDARD = "gnu++14";
				CLANG_CXX_LIBRARY = "libc++";
				CLANG_ENABLE_MODULES = YES;
				CLANG_ENABLE_OBJC_ARC = YES;
				CLANG_ENABLE_OBJC_WEAK = YES;
				CLANG_WARN_BLOCK_CAPTURE_AUTORELEASING = YES;
				CLANG_WARN_BOOL_CONVERSION = YES;
				CLANG_WARN_COMMA = YES;
				CLANG_WARN_CONSTANT_CONVERSION = YES;
				CLANG_WARN_DEPRECATED_OBJC_IMPLEMENTATIONS = YES;
				CLANG_WARN_DIRECT_OBJC_ISA_USAGE = YES_ERROR;
				CLANG_WARN_DOCUMENTATION_COMMENTS = YES;
				CLANG_WARN_EMPTY_BODY = YES;
				CLANG_WARN_ENUM_CONVERSION = YES;
				CLANG_WARN_INFINITE_RECURSION = YES;
				CLANG_WARN_INT_CONVERSION = YES;
				CLANG_WARN_NON_LITERAL_NULL_CONVERSION = YES;
				CLANG_WARN_OBJC_IMPLICIT_RETAIN_SELF = YES;
				CLANG_WARN_OBJC_LITERAL_CONVERSION = YES;
				CLANG_WARN_OBJC_ROOT_CLASS = YES_ERROR;
				CLANG_WARN_QUOTED_INCLUDE_IN_FRAMEWORK_HEADER = YES;
				CLANG_WARN_RANGE_LOOP_ANALYSIS = YES;
				CLANG_WARN_STRICT_PROTOTYPES = YES;
				CLANG_WARN_SUSPICIOUS_MOVE = YES;
				CLANG_WARN_UNGUARDED_AVAILABILITY = YES_AGGRESSIVE;
				CLANG_WARN_UNREACHABLE_CODE = YES;
				CLANG_WARN__DUPLICATE_METHOD_MATCH = YES;
				COPY_PHASE_STRIP = NO;
				CURRENT_PROJECT_VERSION = 1;
				DEBUG_INFORMATION_FORMAT = dwarf;
				ENABLE_STRICT_OBJC_MSGSEND = YES;
				ENABLE_TESTABILITY = YES;
				GCC_C_LANGUAGE_STANDARD = gnu11;
				GCC_DYNAMIC_NO_PIC = NO;
				GCC_NO_COMMON_BLOCKS = YES;
				GCC_OPTIMIZATION_LEVEL = 0;
				GCC_PREPROCESSOR_DEFINITIONS = (
					"$(inherited)",
					"DEBUG=1",
				);
				GCC_WARN_64_TO_32_BIT_CONVERSION = YES;
				GCC_WARN_ABOUT_RETURN_TYPE = YES_ERROR;
				GCC_WARN_UNDECLARED_SELECTOR = YES;
				GCC_WARN_UNINITIALIZED_AUTOS = YES_AGGRESSIVE;
				GCC_WARN_UNUSED_FUNCTION = YES;
				GCC_WARN_UNUSED_VARIABLE = YES;
				IPHONEOS_DEPLOYMENT_TARGET = 15.0;
				MARKETING_VERSION = 0.1.0;
				MTL_ENABLE_DEBUG_INFO = INCLUDE_SOURCE;
				MTL_FAST_MATH = YES;
				NUDGEON_API_HOST = "http://localhost:8080";
				NUDGEON_SDK_KEY = pk_replace_me;
				ONLY_ACTIVE_ARCH = YES;
				PRODUCT_NAME = "$(TARGET_NAME)";
				SDKROOT = iphoneos;
				SWIFT_ACTIVE_COMPILATION_CONDITIONS = DEBUG;
				SWIFT_OPTIMIZATION_LEVEL = "-Onone";
				SWIFT_VERSION = 5.9;
			};
			name = Debug;
		};
		80807CBFDD8425125529D9A2 /* Release */ = {
			isa = XCBuildConfiguration;
			buildSettings = {
				ALWAYS_SEARCH_USER_PATHS = NO;
				CLANG_ANALYZER_NONNULL = YES;
				CLANG_ANALYZER_NUMBER_OBJECT_CONVERSION = YES_AGGRESSIVE;
				CLANG_CXX_LANGUAGE_STANDARD = "gnu++14";
				CLANG_CXX_LIBRARY = "libc++";
				CLANG_ENABLE_MODULES = YES;
				CLANG_ENABLE_OBJC_ARC = YES;
				CLANG_ENABLE_OBJC_WEAK = YES;
				CLANG_WARN_BLOCK_CAPTURE_AUTORELEASING = YES;
				CLANG_WARN_BOOL_CONVERSION = YES;
				CLANG_WARN_COMMA = YES;
				CLANG_WARN_CONSTANT_CONVERSION = YES;
				CLANG_WARN_DEPRECATED_OBJC_IMPLEMENTATIONS = YES;
				CLANG_WARN_DIRECT_OBJC_ISA_USAGE = YES_ERROR;
				CLANG_WARN_DOCUMENTATION_COMMENTS = YES;
				CLANG_WARN_EMPTY_BODY = YES;
				CLANG_WARN_ENUM_CONVERSION = YES;
				CLANG_WARN_INFINITE_RECURSION = YES;
				CLANG_WARN_INT_CONVERSION = YES;
				CLANG_WARN_NON_LITERAL_NULL_CONVERSION = YES;
				CLANG_WARN_OBJC_IMPLICIT_RETAIN_SELF = YES;
				CLANG_WARN_OBJC_LITERAL_CONVERSION = YES;
				CLANG_WARN_OBJC_ROOT_CLASS = YES_ERROR;
				CLANG_WARN_QUOTED_INCLUDE_IN_FRAMEWORK_HEADER = YES;
				CLANG_WARN_RANGE_LOOP_ANALYSIS = YES;
				CLANG_WARN_STRICT_PROTOTYPES = YES;
				CLANG_WARN_SUSPICIOUS_MOVE = YES;
				CLANG_WARN_UNGUARDED_AVAILABILITY = YES_AGGRESSIVE;
				CLANG_WARN_UNREACHABLE_CODE = YES;
				CLANG_WARN__DUPLICATE_METHOD_MATCH = YES;
				COPY_PHASE_STRIP = NO;
				CURRENT_PROJECT_VERSION = 1;
				DEBUG_INFORMATION_FORMAT = "dwarf-with-dsym";
				ENABLE_NS_ASSERTIONS = NO;
				ENABLE_STRICT_OBJC_MSGSEND = YES;
				GCC_C_LANGUAGE_STANDARD = gnu11;
				GCC_NO_COMMON_BLOCKS = YES;
				GCC_WARN_64_TO_32_BIT_CONVERSION = YES;
				GCC_WARN_ABOUT_RETURN_TYPE = YES_ERROR;
				GCC_WARN_UNDECLARED_SELECTOR = YES;
				GCC_WARN_UNINITIALIZED_AUTOS = YES_AGGRESSIVE;
				GCC_WARN_UNUSED_FUNCTION = YES;
				GCC_WARN_UNUSED_VARIABLE = YES;
				IPHONEOS_DEPLOYMENT_TARGET = 15.0;
				MARKETING_VERSION = 0.1.0;
				MTL_ENABLE_DEBUG_INFO = NO;
				MTL_FAST_MATH = YES;
				NUDGEON_API_HOST = "http://localhost:8080";
				NUDGEON_SDK_KEY = pk_replace_me;
				PRODUCT_NAME = "$(TARGET_NAME)";
				SDKROOT = iphoneos;
				SWIFT_COMPILATION_MODE = wholemodule;
				SWIFT_OPTIMIZATION_LEVEL = "-O";
				SWIFT_VERSION = 5.9;
			};
			name = Release;
		};
/* End XCBuildConfiguration section */

/* Begin XCConfigurationList section */
		992C0180997FB16F798D1CE3 /* Build configuration list for PBXProject "NudgeOnQuickstart" */ = {
			isa = XCConfigurationList;
			buildConfigurations = (
				5708A529A1C988EE7807E783 /* Debug */,
				80807CBFDD8425125529D9A2 /* Release */,
			);
			defaultConfigurationIsVisible = 0;
			defaultConfigurationName = Debug;
		};
		CA1D3204524F49F01C86AF77 /* Build configuration list for PBXNativeTarget "NudgeOnQuickstart" */ = {
			isa = XCConfigurationList;
			buildConfigurations = (
				08152EC7D20AD4F614B1261E /* Debug */,
				20EC6918B035B44077015E37 /* Release */,
			);
			defaultConfigurationIsVisible = 0;
			defaultConfigurationName = Debug;
		};
/* End XCConfigurationList section */

/* Begin XCRemoteSwiftPackageReference section */
		2D2539F20337A9EAADC11D4D /* XCRemoteSwiftPackageReference "nudgeon-ios-sdk" */ = {
			isa = XCRemoteSwiftPackageReference;
			repositoryURL = "https://github.com/NudgeOn/nudgeon-ios-sdk.git";
			requirement = {
				kind = upToNextMajorVersion;
				minimumVersion = 0.1.0;
			};
		};
/* End XCRemoteSwiftPackageReference section */

/* Begin XCSwiftPackageProductDependency section */
		DE7CE12693ABE1BE001A413D /* NudgeOnSDK */ = {
			isa = XCSwiftPackageProductDependency;
			package = 2D2539F20337A9EAADC11D4D /* XCRemoteSwiftPackageReference "nudgeon-ios-sdk" */;
			productName = NudgeOnSDK;
		};
/* End XCSwiftPackageProductDependency section */
	};
	rootObject = 7D725CA1103AC7F4D7164461 /* Project object */;
}
